PODS:
  - RappleColorPicker (1.2.5)
  - SwiftRangeSlider (1.1.0)

DEPENDENCIES:
  - RappleColorPicker
  - SwiftRangeSlider (from `../../`)

EXTERNAL SOURCES:
  SwiftRangeSlider:
    :path: ../../

SPEC CHECKSUMS:
  RappleColorPicker: a65830bf046b27e45f7d9fcbe8f70c11c85a32d6
  SwiftRangeSlider: ceae77620845ee87c6c137276f34f396dd0178c5

PODFILE CHECKSUM: 2417c7f3e5885210c267957bfc94103fde9c89a6

COCOAPODS: 1.3.1
