PODS:
  - RappleColorPicker (1.2.5)
  - SwiftRangeSlider (0.2.2)

DEPENDENCIES:
  - RappleColorPicker
  - SwiftRangeSlider

SPEC CHECKSUMS:
  RappleColorPicker: a65830bf046b27e45f7d9fcbe8f70c11c85a32d6
  SwiftRangeSlider: eba9c63d16027fbe38c7845f0d35a243b96a00bc

PODFILE CHECKSUM: 9c89086eec65e07f35c8b5e0bc6f716929b99709

COCOAPODS: 1.1.1
